# @generated by Move, please check-in and do not edit manually.

[move]
version = 3
manifest_digest = "958C974BE3D3432578B0C362526605915F9819C24E89232EAFA16476212CFA64"
deps_digest = "F8BBB0CCB2491CA29A3DF03D6F92277A4F3574266507ACD77214D37ECA3F3082"
dependencies = [
  { id = "Sui", name = "Sui" },
]

[[move.package]]
id = "MoveStdlib"
source = { git = "https://github.com/MystenLabs/sui.git", rev = "framework/mainnet", subdir = "crates/sui-framework/packages/move-stdlib" }

[[move.package]]
id = "Sui"
source = { git = "https://github.com/MystenLabs/sui.git", rev = "framework/mainnet", subdir = "crates/sui-framework/packages/sui-framework" }

dependencies = [
  { id = "MoveStdlib", name = "MoveStdlib" },
]

[move.toolchain-version]
compiler-version = "1.36.2"
edition = "2024.beta"
flavor = "sui"

[env]

[env.localnet]
chain-id = "cdc2cf7c"
original-published-id = "0x72aca0c40ddc19f3306cda66b9b90e8d105de9ddc4aa5c67282e698eb2443921"
latest-published-id = "0x72aca0c40ddc19f3306cda66b9b90e8d105de9ddc4aa5c67282e698eb2443921"
published-version = "1"

[env.mirainet]
chain-id = "86247362"
original-published-id = "0x6e2ac44bcee1e7dd849d2c861b2023cd215ea9731f0b21f5af5b603bf979207c"
latest-published-id = "0x6e2ac44bcee1e7dd849d2c861b2023cd215ea9731f0b21f5af5b603bf979207c"
published-version = "1"
